
Microsoft Visual Studio Solution File, Format Version 12.00
# Visual Studio Version 16
VisualStudioVersion = 16.0.29613.14
MinimumVisualStudioVersion = 10.0.40219.1
Project("{FAE04EC0-301F-11D3-BF4B-00C04F79EFBC}") = "NookstreetTurnipMarket", "NookstreetTurnipMarket\NookstreetTurnipMarket.csproj", "{34C93D89-D8BC-46E4-9C37-C9B86F428DCB}"
EndProject
Global
	GlobalSection(SolutionConfigurationPlatforms) = preSolution
		Debug|Any CPU = Debug|Any CPU
		Release|Any CPU = Release|Any CPU
	EndGlobalSection
	GlobalSection(ProjectConfigurationPlatforms) = postSolution
		{34C93D89-D8BC-46E4-9C37-C9B86F428DCB}.Debug|Any CPU.ActiveCfg = Debug|Any CPU
		{34C93D89-D8BC-46E4-9C37-C9B86F428DCB}.Debug|Any CPU.Build.0 = Debug|Any CPU
		{34C93D89-D8BC-46E4-9C37-C9B86F428DCB}.Release|Any CPU.ActiveCfg = Release|Any CPU
		{34C93D89-D8BC-46E4-9C37-C9B86F428DCB}.Release|Any CPU.Build.0 = Release|Any CPU
	EndGlobalSection
	GlobalSection(SolutionProperties) = preSolution
		HideSolutionNode = FALSE
	EndGlobalSection
	GlobalSection(ExtensibilityGlobals) = postSolution
		SolutionGuid = {A76545BF-A458-49DB-981C-CD6FCD1FAE16}
	EndGlobalSection
EndGlobal
